
Microsoft Visual Studio Solution File, Format Version 12.00
# Visual Studio Version 17
VisualStudioVersion = 17.8.34309.116
MinimumVisualStudioVersion = 10.0.40219.1
Project("{FAE04EC0-301F-11D3-BF4B-00C04F79EFBC}") = "GitIgnoreExample", "GitIgnoreExample\GitIgnoreExample.csproj", "{C9686E4D-C32F-4D2B-96E9-5AFC9FD8B713}"
EndProject
Global
	GlobalSection(SolutionConfigurationPlatforms) = preSolution
		Debug|Any CPU = Debug|Any CPU
		Release|Any CPU = Release|Any CPU
	EndGlobalSection
	GlobalSection(ProjectConfigurationPlatforms) = postSolution
		{C9686E4D-C32F-4D2B-96E9-5AFC9FD8B713}.Debug|Any CPU.ActiveCfg = Debug|Any CPU
		{C9686E4D-C32F-4D2B-96E9-5AFC9FD8B713}.Debug|Any CPU.Build.0 = Debug|Any CPU
		{C9686E4D-C32F-4D2B-96E9-5AFC9FD8B713}.Release|Any CPU.ActiveCfg = Release|Any CPU
		{C9686E4D-C32F-4D2B-96E9-5AFC9FD8B713}.Release|Any CPU.Build.0 = Release|Any CPU
	EndGlobalSection
	GlobalSection(SolutionProperties) = preSolution
		HideSolutionNode = FALSE
	EndGlobalSection
	GlobalSection(ExtensibilityGlobals) = postSolution
		SolutionGuid = {189CE8FA-3CD3-4F49-A4D0-5C7F0096BC7B}
	EndGlobalSection
EndGlobal
